
Microsoft Visual Studio Solution File, Format Version 12.00
# Visual Studio 15
Project("{FAE04EC0-301F-11D3-BF4B-00C04F79EFBC}") = "Meryel.CodeAssist.Editor", "Meryel.CodeAssist.Editor.csproj", "{D9A63FDD-6545-FBA8-B090-CCCB943D3041}"
EndProject
Project("{FAE04EC0-301F-11D3-BF4B-00C04F79EFBC}") = "Assembly-CSharp", "Assembly-CSharp.csproj", "{95FAE7D2-F93A-787D-5D51-586E43960243}"
EndProject
Global
	GlobalSection(SolutionConfigurationPlatforms) = preSolution
		Debug|Any CPU = Debug|Any CPU
		Release|Any CPU = Release|Any CPU
	EndGlobalSection
	GlobalSection(ProjectConfigurationPlatforms) = postSolution
		{D9A63FDD-6545-FBA8-B090-CCCB943D3041}.Debug|Any CPU.ActiveCfg = Debug|Any CPU
		{D9A63FDD-6545-FBA8-B090-CCCB943D3041}.Debug|Any CPU.Build.0 = Debug|Any CPU
		{D9A63FDD-6545-FBA8-B090-CCCB943D3041}.Release|Any CPU.ActiveCfg = Release|Any CPU
		{D9A63FDD-6545-FBA8-B090-CCCB943D3041}.Release|Any CPU.Build.0 = Release|Any CPU
		{95FAE7D2-F93A-787D-5D51-586E43960243}.Debug|Any CPU.ActiveCfg = Debug|Any CPU
		{95FAE7D2-F93A-787D-5D51-586E43960243}.Debug|Any CPU.Build.0 = Debug|Any CPU
		{95FAE7D2-F93A-787D-5D51-586E43960243}.Release|Any CPU.ActiveCfg = Release|Any CPU
		{95FAE7D2-F93A-787D-5D51-586E43960243}.Release|Any CPU.Build.0 = Release|Any CPU
	EndGlobalSection
	GlobalSection(SolutionProperties) = preSolution
		HideSolutionNode = FALSE
	EndGlobalSection
EndGlobal
